{
  "name": "kiarash-portfolio-glowup",
  "version": "1.0.0",
  "lockfileVersion": 3,
  "requires": true,
  "packages": {
    "": {
      "name": "kiarash-portfolio-glowup",
      "version": "1.0.0",
      "dependencies": {
        "@dimforge/rapier2d-compat": "0.21.0"
      },
      "engines": {
        "node": ">=20"
      }
    },
    "node_modules/@dimforge/rapier2d-compat": {
      "version": "0.21.0",
      "resolved": "https://registry.npmjs.org/@dimforge/rapier2d-compat/-/rapier2d-compat-0.21.0.tgz",
      "integrity": "sha512-cMStLQZbY5D/ajAPjOwTwoYuAJAungTYB45MNFEa5B+LGaMiZfxLwjHsfpxH5B0sDa+gkmcQFJJKiHNKnlpMnA==",
      "license": "Apache-2.0"
    }
  }
}
